
Microsoft Visual Studio Solution File, Format Version 12.00
# Visual Studio Version 17
Project("{2150E333-8FDC-42A3-9474-1A3956D46DE8}") = "CMakePredefinedTargets", "CMakePredefinedTargets", "{AF44F833-3160-3119-B57C-86A0A5E732A0}"
EndProject
Project("{2150E333-8FDC-42A3-9474-1A3956D46DE8}") = "CTestDashboardTargets", "CTestDashboardTargets", "{6F926C19-8EC3-37E8-859F-8695B6E6F17E}"
EndProject
Project("{8BC9CEB8-8B4A-11D0-8D11-00A0C91BC942}") = "ALL_BUILD", "ALL_BUILD.vcxproj", "{747A8078-0BE4-301F-96ED-F6A8567A5596}"
	ProjectSection(ProjectDependencies) = postProject
		{3269C3A8-C56B-3E01-9522-D304DC9601A0} = {3269C3A8-C56B-3E01-9522-D304DC9601A0}
		{99BD8E6C-39B1-30DC-8A64-B7CC2B708C0E} = {99BD8E6C-39B1-30DC-8A64-B7CC2B708C0E}
	EndProjectSection
EndProject
Project("{8BC9CEB8-8B4A-11D0-8D11-00A0C91BC942}") = "Continuous", "Continuous.vcxproj", "{726F8514-8CA1-3CB6-8738-DC913E68C453}"
	ProjectSection(ProjectDependencies) = postProject
		{99BD8E6C-39B1-30DC-8A64-B7CC2B708C0E} = {99BD8E6C-39B1-30DC-8A64-B7CC2B708C0E}
	EndProjectSection
EndProject
Project("{8BC9CEB8-8B4A-11D0-8D11-00A0C91BC942}") = "Experimental", "Experimental.vcxproj", "{55225709-3436-34DD-98DE-840C1576F8C6}"
	ProjectSection(ProjectDependencies) = postProject
		{99BD8E6C-39B1-30DC-8A64-B7CC2B708C0E} = {99BD8E6C-39B1-30DC-8A64-B7CC2B708C0E}
	EndProjectSection
EndProject
Project("{8BC9CEB8-8B4A-11D0-8D11-00A0C91BC942}") = "Intersection", "Intersection.vcxproj", "{3269C3A8-C56B-3E01-9522-D304DC9601A0}"
	ProjectSection(ProjectDependencies) = postProject
		{99BD8E6C-39B1-30DC-8A64-B7CC2B708C0E} = {99BD8E6C-39B1-30DC-8A64-B7CC2B708C0E}
	EndProjectSection
EndProject
Project("{8BC9CEB8-8B4A-11D0-8D11-00A0C91BC942}") = "Nightly", "Nightly.vcxproj", "{5FEE8891-2A1A-3EF7-8AD2-5F42857662C5}"
	ProjectSection(ProjectDependencies) = postProject
		{99BD8E6C-39B1-30DC-8A64-B7CC2B708C0E} = {99BD8E6C-39B1-30DC-8A64-B7CC2B708C0E}
	EndProjectSection
EndProject
Project("{8BC9CEB8-8B4A-11D0-8D11-00A0C91BC942}") = "NightlyMemoryCheck", "NightlyMemoryCheck.vcxproj", "{BD63EFC2-106A-39D8-B5CE-43CFD5E1D8DF}"
	ProjectSection(ProjectDependencies) = postProject
		{99BD8E6C-39B1-30DC-8A64-B7CC2B708C0E} = {99BD8E6C-39B1-30DC-8A64-B7CC2B708C0E}
	EndProjectSection
EndProject
Project("{8BC9CEB8-8B4A-11D0-8D11-00A0C91BC942}") = "PACKAGE", "PACKAGE.vcxproj", "{3C4F84F3-7138-3DFD-89D9-3241962DB622}"
	ProjectSection(ProjectDependencies) = postProject
		{747A8078-0BE4-301F-96ED-F6A8567A5596} = {747A8078-0BE4-301F-96ED-F6A8567A5596}
		{99BD8E6C-39B1-30DC-8A64-B7CC2B708C0E} = {99BD8E6C-39B1-30DC-8A64-B7CC2B708C0E}
	EndProjectSection
EndProject
Project("{8BC9CEB8-8B4A-11D0-8D11-00A0C91BC942}") = "RUN_TESTS", "RUN_TESTS.vcxproj", "{A2C32633-0577-3D43-AD9B-902B9F672A04}"
	ProjectSection(ProjectDependencies) = postProject
		{99BD8E6C-39B1-30DC-8A64-B7CC2B708C0E} = {99BD8E6C-39B1-30DC-8A64-B7CC2B708C0E}
	EndProjectSection
EndProject
Project("{8BC9CEB8-8B4A-11D0-8D11-00A0C91BC942}") = "ZERO_CHECK", "ZERO_CHECK.vcxproj", "{99BD8E6C-39B1-30DC-8A64-B7CC2B708C0E}"
	ProjectSection(ProjectDependencies) = postProject
	EndProjectSection
EndProject
Global
	GlobalSection(SolutionConfigurationPlatforms) = preSolution
		Debug|x64 = Debug|x64
		Release|x64 = Release|x64
		MinSizeRel|x64 = MinSizeRel|x64
		RelWithDebInfo|x64 = RelWithDebInfo|x64
	EndGlobalSection
	GlobalSection(ProjectConfigurationPlatforms) = postSolution
		{747A8078-0BE4-301F-96ED-F6A8567A5596}.Debug|x64.ActiveCfg = Debug|x64
		{747A8078-0BE4-301F-96ED-F6A8567A5596}.Debug|x64.Build.0 = Debug|x64
		{747A8078-0BE4-301F-96ED-F6A8567A5596}.Release|x64.ActiveCfg = Release|x64
		{747A8078-0BE4-301F-96ED-F6A8567A5596}.Release|x64.Build.0 = Release|x64
		{747A8078-0BE4-301F-96ED-F6A8567A5596}.MinSizeRel|x64.ActiveCfg = MinSizeRel|x64
		{747A8078-0BE4-301F-96ED-F6A8567A5596}.MinSizeRel|x64.Build.0 = MinSizeRel|x64
		{747A8078-0BE4-301F-96ED-F6A8567A5596}.RelWithDebInfo|x64.ActiveCfg = RelWithDebInfo|x64
		{747A8078-0BE4-301F-96ED-F6A8567A5596}.RelWithDebInfo|x64.Build.0 = RelWithDebInfo|x64
		{726F8514-8CA1-3CB6-8738-DC913E68C453}.Debug|x64.ActiveCfg = Debug|x64
		{726F8514-8CA1-3CB6-8738-DC913E68C453}.Release|x64.ActiveCfg = Release|x64
		{726F8514-8CA1-3CB6-8738-DC913E68C453}.MinSizeRel|x64.ActiveCfg = MinSizeRel|x64
		{726F8514-8CA1-3CB6-8738-DC913E68C453}.RelWithDebInfo|x64.ActiveCfg = RelWithDebInfo|x64
		{55225709-3436-34DD-98DE-840C1576F8C6}.Debug|x64.ActiveCfg = Debug|x64
		{55225709-3436-34DD-98DE-840C1576F8C6}.Release|x64.ActiveCfg = Release|x64
		{55225709-3436-34DD-98DE-840C1576F8C6}.MinSizeRel|x64.ActiveCfg = MinSizeRel|x64
		{55225709-3436-34DD-98DE-840C1576F8C6}.RelWithDebInfo|x64.ActiveCfg = RelWithDebInfo|x64
		{3269C3A8-C56B-3E01-9522-D304DC9601A0}.Debug|x64.ActiveCfg = Debug|x64
		{3269C3A8-C56B-3E01-9522-D304DC9601A0}.Debug|x64.Build.0 = Debug|x64
		{3269C3A8-C56B-3E01-9522-D304DC9601A0}.Release|x64.ActiveCfg = Release|x64
		{3269C3A8-C56B-3E01-9522-D304DC9601A0}.Release|x64.Build.0 = Release|x64
		{3269C3A8-C56B-3E01-9522-D304DC9601A0}.MinSizeRel|x64.ActiveCfg = MinSizeRel|x64
		{3269C3A8-C56B-3E01-9522-D304DC9601A0}.MinSizeRel|x64.Build.0 = MinSizeRel|x64
		{3269C3A8-C56B-3E01-9522-D304DC9601A0}.RelWithDebInfo|x64.ActiveCfg = RelWithDebInfo|x64
		{3269C3A8-C56B-3E01-9522-D304DC9601A0}.RelWithDebInfo|x64.Build.0 = RelWithDebInfo|x64
		{5FEE8891-2A1A-3EF7-8AD2-5F42857662C5}.Debug|x64.ActiveCfg = Debug|x64
		{5FEE8891-2A1A-3EF7-8AD2-5F42857662C5}.Release|x64.ActiveCfg = Release|x64
		{5FEE8891-2A1A-3EF7-8AD2-5F42857662C5}.MinSizeRel|x64.ActiveCfg = MinSizeRel|x64
		{5FEE8891-2A1A-3EF7-8AD2-5F42857662C5}.RelWithDebInfo|x64.ActiveCfg = RelWithDebInfo|x64
		{BD63EFC2-106A-39D8-B5CE-43CFD5E1D8DF}.Debug|x64.ActiveCfg = Debug|x64
		{BD63EFC2-106A-39D8-B5CE-43CFD5E1D8DF}.Release|x64.ActiveCfg = Release|x64
		{BD63EFC2-106A-39D8-B5CE-43CFD5E1D8DF}.MinSizeRel|x64.ActiveCfg = MinSizeRel|x64
		{BD63EFC2-106A-39D8-B5CE-43CFD5E1D8DF}.RelWithDebInfo|x64.ActiveCfg = RelWithDebInfo|x64
		{3C4F84F3-7138-3DFD-89D9-3241962DB622}.Debug|x64.ActiveCfg = Debug|x64
		{3C4F84F3-7138-3DFD-89D9-3241962DB622}.Release|x64.ActiveCfg = Release|x64
		{3C4F84F3-7138-3DFD-89D9-3241962DB622}.MinSizeRel|x64.ActiveCfg = MinSizeRel|x64
		{3C4F84F3-7138-3DFD-89D9-3241962DB622}.RelWithDebInfo|x64.ActiveCfg = RelWithDebInfo|x64
		{A2C32633-0577-3D43-AD9B-902B9F672A04}.Debug|x64.ActiveCfg = Debug|x64
		{A2C32633-0577-3D43-AD9B-902B9F672A04}.Release|x64.ActiveCfg = Release|x64
		{A2C32633-0577-3D43-AD9B-902B9F672A04}.MinSizeRel|x64.ActiveCfg = MinSizeRel|x64
		{A2C32633-0577-3D43-AD9B-902B9F672A04}.RelWithDebInfo|x64.ActiveCfg = RelWithDebInfo|x64
		{99BD8E6C-39B1-30DC-8A64-B7CC2B708C0E}.Debug|x64.ActiveCfg = Debug|x64
		{99BD8E6C-39B1-30DC-8A64-B7CC2B708C0E}.Debug|x64.Build.0 = Debug|x64
		{99BD8E6C-39B1-30DC-8A64-B7CC2B708C0E}.Release|x64.ActiveCfg = Release|x64
		{99BD8E6C-39B1-30DC-8A64-B7CC2B708C0E}.Release|x64.Build.0 = Release|x64
		{99BD8E6C-39B1-30DC-8A64-B7CC2B708C0E}.MinSizeRel|x64.ActiveCfg = MinSizeRel|x64
		{99BD8E6C-39B1-30DC-8A64-B7CC2B708C0E}.MinSizeRel|x64.Build.0 = MinSizeRel|x64
		{99BD8E6C-39B1-30DC-8A64-B7CC2B708C0E}.RelWithDebInfo|x64.ActiveCfg = RelWithDebInfo|x64
		{99BD8E6C-39B1-30DC-8A64-B7CC2B708C0E}.RelWithDebInfo|x64.Build.0 = RelWithDebInfo|x64
	EndGlobalSection
	GlobalSection(NestedProjects) = preSolution
		{747A8078-0BE4-301F-96ED-F6A8567A5596} = {AF44F833-3160-3119-B57C-86A0A5E732A0}
		{3C4F84F3-7138-3DFD-89D9-3241962DB622} = {AF44F833-3160-3119-B57C-86A0A5E732A0}
		{A2C32633-0577-3D43-AD9B-902B9F672A04} = {AF44F833-3160-3119-B57C-86A0A5E732A0}
		{99BD8E6C-39B1-30DC-8A64-B7CC2B708C0E} = {AF44F833-3160-3119-B57C-86A0A5E732A0}
		{726F8514-8CA1-3CB6-8738-DC913E68C453} = {6F926C19-8EC3-37E8-859F-8695B6E6F17E}
		{55225709-3436-34DD-98DE-840C1576F8C6} = {6F926C19-8EC3-37E8-859F-8695B6E6F17E}
		{5FEE8891-2A1A-3EF7-8AD2-5F42857662C5} = {6F926C19-8EC3-37E8-859F-8695B6E6F17E}
		{BD63EFC2-106A-39D8-B5CE-43CFD5E1D8DF} = {6F926C19-8EC3-37E8-859F-8695B6E6F17E}
	EndGlobalSection
	GlobalSection(ExtensibilityGlobals) = postSolution
		SolutionGuid = {6E9F5585-CD56-31C8-ABFB-3F723CBD4E01}
	EndGlobalSection
	GlobalSection(ExtensibilityAddIns) = postSolution
	EndGlobalSection
EndGlobal
